{
    "_readme": [
        "This file locks the dependencies of your project to a known state",
        "Read more about it at https://getcomposer.org/doc/01-basic-usage.md#composer-lock-the-lock-file",
        "This file is @generated automatically"
    ],
    "content-hash": "7d3bf48a9ef9280fef6f90253041eada",
    "packages": [
        {
            "name": "diversen/parse-argv",
            "version": "dev-master",
            "source": {
                "type": "git",
                "url": "https://github.com/diversen/parse-argv.git",
                "reference": "f87be758b9e15f5b3c84a425124c430287cba9ae"
            },
            "dist": {
                "type": "zip",
                "url": "https://api.github.com/repos/diversen/parse-argv/zipball/f87be758b9e15f5b3c84a425124c430287cba9ae",
                "reference": "f87be758b9e15f5b3c84a425124c430287cba9ae",
                "shasum": ""
            },
            "type": "library",
            "extra": {
                "branch-alias": {
                    "dev-master": "v1.2-dev"
                }
            },
            "autoload": {
                "psr-4": {
                    "diversen\\": ""
                }
            },
            "notification-url": "https://packagist.org/downloads/",
            "license": [
                "MIT"
            ],
            "authors": [
                {
                    "name": "Dennis Iversen",
                    "email": "dennis.iversen@gmail.com",
                    "homepage": "http://www.coscms.org/",
                    "role": "Developer"
                }
            ],
            "description": "Parse argv and get - and -- flags and values, and get any value without a flag.",
            "homepage": "http://github.com/diversen/parse-argv",
            "keywords": [
                "argv",
                "cli",
                "console"
            ],
            "time": "2016-12-14 18:19:27"
        },
        {
            "name": "pear/file_marc",
            "version": "dev-master",
            "source": {
                "type": "git",
                "url": "https://github.com/pear/File_MARC.git",
                "reference": "2b44fffebc09fb2fde51040a9e6337de354b84df"
            },
            "dist": {
                "type": "zip",
                "url": "https://api.github.com/repos/pear/File_MARC/zipball/2b44fffebc09fb2fde51040a9e6337de354b84df",
                "reference": "2b44fffebc09fb2fde51040a9e6337de354b84df",
                "shasum": ""
            },
            "require": {
                "pear/pear_exception": "1.*"
            },
            "require-dev": {
                "phpunit/phpunit": "*"
            },
            "suggest": {
                "pear/validate_ispn": "Install optionally via your project's composer.json"
            },
            "type": "library",
            "autoload": {
                "psr-0": {
                    "File": "./"
                }
            },
            "notification-url": "https://packagist.org/downloads/",
            "include-path": [
                "./"
            ],
            "license": [
                "LGPL-2.1"
            ],
            "authors": [
                {
                    "name": "Dan Scott",
                    "email": "dbs@php.net",
                    "homepage": "https://coffeecode.net",
                    "role": "Lead"
                }
            ],
            "description": "Supports the MAchine Readable Cataloging (MARC) file format documented at http://loc.gov/marc/",
            "time": "2017-01-23 17:32:15"
        },
        {
            "name": "pear/pear_exception",
            "version": "v1.0.0",
            "source": {
                "type": "git",
                "url": "https://github.com/pear/PEAR_Exception.git",
                "reference": "8c18719fdae000b690e3912be401c76e406dd13b"
            },
            "dist": {
                "type": "zip",
                "url": "https://api.github.com/repos/pear/PEAR_Exception/zipball/8c18719fdae000b690e3912be401c76e406dd13b",
                "reference": "8c18719fdae000b690e3912be401c76e406dd13b",
                "shasum": ""
            },
            "require": {
                "php": ">=4.4.0"
            },
            "require-dev": {
                "phpunit/phpunit": "*"
            },
            "type": "class",
            "extra": {
                "branch-alias": {
                    "dev-master": "1.0.x-dev"
                }
            },
            "autoload": {
                "psr-0": {
                    "PEAR": ""
                }
            },
            "notification-url": "https://packagist.org/downloads/",
            "include-path": [
                "."
            ],
            "license": [
                "BSD-2-Clause"
            ],
            "authors": [
                {
                    "name": "Helgi Thormar",
                    "email": "dufuz@php.net"
                },
                {
                    "name": "Greg Beaver",
                    "email": "cellog@php.net"
                }
            ],
            "description": "The PEAR Exception base class.",
            "homepage": "https://github.com/pear/PEAR_Exception",
            "keywords": [
                "exception"
            ],
            "time": "2015-02-10T20:07:52+00:00"
        }
    ],
    "packages-dev": [],
    "aliases": [],
    "minimum-stability": "stable",
    "stability-flags": {
        "pear/file_marc": 20,
        "diversen/parse-argv": 20
    },
    "prefer-stable": false,
    "prefer-lowest": false,
    "platform": [],
    "platform-dev": []
}
